{
  "name": "light-print",
  "version": "1.2.0",
  "lockfileVersion": 2,
  "requires": true,
  "packages": {
    "": {
      "name": "light-print",
      "version": "1.2.0",
      "license": "MIT",
      "devDependencies": {
        "@rollup/plugin-json": "^6.0.0",
        "@rollup/plugin-terser": "^0.4.0",
        "@xunmi/prettier-config": "^1.0.2",
        "prettier": "^2.8.4",
        "rimraf": "^4.1.2",
        "rollup": "^3.15.0",
        "typescript": "^4.9.5"
      },
      "engines": {
        "node": ">=14.16"
      }
    },
    "node_modules/@jridgewell/gen-mapping": {
      "version": "0.3.2",
      "resolved": "https://registry.npmjs.org/@jridgewell/gen-mapping/-/gen-mapping-0.3.2.tgz",
      "integrity": "sha512-mh65xKQAzI6iBcFzwv28KVWSmCkdRBWoOh+bYQGW3+6OZvbbN3TqMGo5hqYxQniRcH9F2VZIoJCm4pa3BPDK/A==",
      "dev": true,
      "dependencies": {
        "@jridgewell/set-array": "^1.0.1",
        "@jridgewell/sourcemap-codec": "^1.4.10",
        "@jridgewell/trace-mapping": "^0.3.9"
      },
      "engines": {
        "node": ">=6.0.0"
      }
    },
    "node_modules/@jridgewell/resolve-uri": {
      "version": "3.1.0",
      "resolved": "https://registry.npmjs.org/@jridgewell/resolve-uri/-/resolve-uri-3.1.0.tgz",
      "integrity": "sha512-F2msla3tad+Mfht5cJq7LSXcdudKTWCVYUgw6pLFOOHSTtZlj6SWNYAp+AhuqLmWdBO2X5hPrLcu8cVP8fy28w==",
      "dev": true,
      "engines": {
        "node": ">=6.0.0"
      }
    },
    "node_modules/@jridgewell/set-array": {
      "version": "1.1.2",
      "resolved": "https://registry.npmjs.org/@jridgewell/set-array/-/set-array-1.1.2.tgz",
      "integrity": "sha512-xnkseuNADM0gt2bs+BvhO0p78Mk762YnZdsuzFV018NoG1Sj1SCQvpSqa7XUaTam5vAGasABV9qXASMKnFMwMw==",
      "dev": true,
      "engines": {
        "node": ">=6.0.0"
      }
    },
    "node_modules/@jridgewell/source-map": {
      "version": "0.3.2",
      "resolved": "https://registry.npmjs.org/@jridgewell/source-map/-/source-map-0.3.2.tgz",
      "integrity": "sha512-m7O9o2uR8k2ObDysZYzdfhb08VuEml5oWGiosa1VdaPZ/A6QyPkAJuwN0Q1lhULOf6B7MtQmHENS743hWtCrgw==",
      "dev": true,
      "dependencies": {
        "@jridgewell/gen-mapping": "^0.3.0",
        "@jridgewell/trace-mapping": "^0.3.9"
      }
    },
    "node_modules/@jridgewell/sourcemap-codec": {
      "version": "1.4.14",
      "resolved": "https://registry.npmjs.org/@jridgewell/sourcemap-codec/-/sourcemap-codec-1.4.14.tgz",
      "integrity": "sha512-XPSJHWmi394fuUuzDnGz1wiKqWfo1yXecHQMRf2l6hztTO+nPru658AyDngaBe7isIxEkRsPR3FZh+s7iVa4Uw==",
      "dev": true
    },
    "node_modules/@jridgewell/trace-mapping": {
      "version": "0.3.17",
      "resolved": "https://registry.npmjs.org/@jridgewell/trace-mapping/-/trace-mapping-0.3.17.tgz",
      "integrity": "sha512-MCNzAp77qzKca9+W/+I0+sEpaUnZoeasnghNeVc41VZCEKaCH73Vq3BZZ/SzWIgrqE4H4ceI+p+b6C0mHf9T4g==",
      "dev": true,
      "dependencies": {
        "@jridgewell/resolve-uri": "3.1.0",
        "@jridgewell/sourcemap-codec": "1.4.14"
      }
    },
    "node_modules/@rollup/plugin-json": {
      "version": "6.0.0",
      "resolved": "https://registry.npmjs.org/@rollup/plugin-json/-/plugin-json-6.0.0.tgz",
      "integrity": "sha512-i/4C5Jrdr1XUarRhVu27EEwjt4GObltD7c+MkCIpO2QIbojw8MUs+CCTqOphQi3Qtg1FLmYt+l+6YeoIf51J7w==",
      "dev": true,
      "dependencies": {
        "@rollup/pluginutils": "^5.0.1"
      },
      "engines": {
        "node": ">=14.0.0"
      },
      "peerDependencies": {
        "rollup": "^1.20.0||^2.0.0||^3.0.0"
      },
      "peerDependenciesMeta": {
        "rollup": {
          "optional": true
        }
      }
    },
    "node_modules/@rollup/plugin-terser": {
      "version": "0.4.0",
      "resolved": "https://registry.npmjs.org/@rollup/plugin-terser/-/plugin-terser-0.4.0.tgz",
      "integrity": "sha512-Ipcf3LPNerey1q9ZMjiaWHlNPEHNU/B5/uh9zXLltfEQ1lVSLLeZSgAtTPWGyw8Ip1guOeq+mDtdOlEj/wNxQw==",
      "dev": true,
      "dependencies": {
        "serialize-javascript": "^6.0.0",
        "smob": "^0.0.6",
        "terser": "^5.15.1"
      },
      "engines": {
        "node": ">=14.0.0"
      },
      "peerDependencies": {
        "rollup": "^2.x || ^3.x"
      },
      "peerDependenciesMeta": {
        "rollup": {
          "optional": true
        }
      }
    },
    "node_modules/@rollup/plugin-terser/node_modules/serialize-javascript": {
      "version": "6.0.1",
      "resolved": "https://registry.npmjs.org/serialize-javascript/-/serialize-javascript-6.0.1.tgz",
      "integrity": "sha512-owoXEFjWRllis8/M1Q+Cw5k8ZH40e3zhp/ovX+Xr/vi1qj6QesbyXXViFbpNvWvPNAD62SutwEXavefrLJWj7w==",
      "dev": true,
      "dependencies": {
        "randombytes": "^2.1.0"
      }
    },
    "node_modules/@rollup/plugin-terser/node_modules/terser": {
      "version": "5.16.3",
      "resolved": "https://registry.npmjs.org/terser/-/terser-5.16.3.tgz",
      "integrity": "sha512-v8wWLaS/xt3nE9dgKEWhNUFP6q4kngO5B8eYFUuebsu7Dw/UNAnpUod6UHo04jSSkv8TzKHjZDSd7EXdDQAl8Q==",
      "dev": true,
      "dependencies": {
        "@jridgewell/source-map": "^0.3.2",
        "acorn": "^8.5.0",
        "commander": "^2.20.0",
        "source-map-support": "~0.5.20"
      },
      "bin": {
        "terser": "bin/terser"
      },
      "engines": {
        "node": ">=10"
      }
    },
    "node_modules/@rollup/pluginutils": {
      "version": "5.0.2",
      "resolved": "https://registry.npmjs.org/@rollup/pluginutils/-/pluginutils-5.0.2.tgz",
      "integrity": "sha512-pTd9rIsP92h+B6wWwFbW8RkZv4hiR/xKsqre4SIuAOaOEQRxi0lqLke9k2/7WegC85GgUs9pjmOjCUi3In4vwA==",
      "dev": true,
      "dependencies": {
        "@types/estree": "^1.0.0",
        "estree-walker": "^2.0.2",
        "picomatch": "^2.3.1"
      },
      "engines": {
        "node": ">=14.0.0"
      },
      "peerDependencies": {
        "rollup": "^1.20.0||^2.0.0||^3.0.0"
      },
      "peerDependenciesMeta": {
        "rollup": {
          "optional": true
        }
      }
    },
    "node_modules/@types/estree": {
      "version": "1.0.0",
      "resolved": "https://registry.npmjs.org/@types/estree/-/estree-1.0.0.tgz",
      "integrity": "sha512-WulqXMDUTYAXCjZnk6JtIHPigp55cVtDgDrO2gHRwhyJto21+1zbVCtOYB2L1F9w4qCQ0rOGWBnBe0FNTiEJIQ==",
      "dev": true
    },
    "node_modules/@xunmi/prettier-config": {
      "version": "1.0.2",
      "resolved": "https://registry.npmjs.org/@xunmi/prettier-config/-/prettier-config-1.0.2.tgz",
      "integrity": "sha512-y/8CiTk7a9O29NbI+Kc4u42gRw56fDmOBDFWHXirsWeVgmgRxTL66SQj5fdbkxtMShp8lumH107FmBOnMkSe7A==",
      "dev": true,
      "peerDependencies": {
        "prettier": ">= 1.13.0"
      }
    },
    "node_modules/acorn": {
      "version": "8.8.2",
      "resolved": "https://registry.npmjs.org/acorn/-/acorn-8.8.2.tgz",
      "integrity": "sha512-xjIYgE8HBrkpd/sJqOGNspf8uHG+NOHGOw6a/Urj8taM2EXfdNAH2oFcPeIFfsv3+kz/mJrS5VuMqbNLjCa2vw==",
      "dev": true,
      "bin": {
        "acorn": "bin/acorn"
      },
      "engines": {
        "node": ">=0.4.0"
      }
    },
    "node_modules/buffer-from": {
      "version": "1.1.1",
      "dev": true,
      "license": "MIT"
    },
    "node_modules/commander": {
      "version": "2.20.3",
      "dev": true,
      "license": "MIT"
    },
    "node_modules/estree-walker": {
      "version": "2.0.2",
      "resolved": "https://registry.npmjs.org/estree-walker/-/estree-walker-2.0.2.tgz",
      "integrity": "sha512-Rfkk/Mp/DL7JVje3u18FxFujQlTNR2q6QfMSMB7AvCBx91NGj/ba3kCfza0f6dVDbw7YlRf/nDrn7pQrCCyQ/w==",
      "dev": true
    },
    "node_modules/fsevents": {
      "version": "2.3.2",
      "resolved": "https://registry.npmjs.org/fsevents/-/fsevents-2.3.2.tgz",
      "integrity": "sha512-xiqMQR4xAeHTuB9uWm+fFRcIOgKBMiOBP+eXiyT7jsgVCq1bkVygt00oASowB7EdtpOHaaPgKt812P9ab+DDKA==",
      "dev": true,
      "hasInstallScript": true,
      "optional": true,
      "os": [
        "darwin"
      ],
      "engines": {
        "node": "^8.16.0 || ^10.6.0 || >=11.0.0"
      }
    },
    "node_modules/picomatch": {
      "version": "2.3.1",
      "resolved": "https://registry.npmjs.org/picomatch/-/picomatch-2.3.1.tgz",
      "integrity": "sha512-JU3teHTNjmE2VCGFzuY8EXzCDVwEqB2a8fsIvwaStHhAWJEeVd1o1QD80CU6+ZdEXXSLbSsuLwJjkCBWqRQUVA==",
      "dev": true,
      "engines": {
        "node": ">=8.6"
      },
      "funding": {
        "url": "https://github.com/sponsors/jonschlinkert"
      }
    },
    "node_modules/prettier": {
      "version": "2.8.4",
      "resolved": "https://registry.npmjs.org/prettier/-/prettier-2.8.4.tgz",
      "integrity": "sha512-vIS4Rlc2FNh0BySk3Wkd6xmwxB0FpOndW5fisM5H8hsZSxU2VWVB5CWIkIjWvrHjIhxk2g3bfMKM87zNTrZddw==",
      "dev": true,
      "bin": {
        "prettier": "bin-prettier.js"
      },
      "engines": {
        "node": ">=10.13.0"
      },
      "funding": {
        "url": "https://github.com/prettier/prettier?sponsor=1"
      }
    },
    "node_modules/randombytes": {
      "version": "2.1.0",
      "dev": true,
      "license": "MIT",
      "dependencies": {
        "safe-buffer": "^5.1.0"
      }
    },
    "node_modules/rimraf": {
      "version": "4.1.2",
      "resolved": "https://registry.npmjs.org/rimraf/-/rimraf-4.1.2.tgz",
      "integrity": "sha512-BlIbgFryTbw3Dz6hyoWFhKk+unCcHMSkZGrTFVAx2WmttdBSonsdtRlwiuTbDqTKr+UlXIUqJVS4QT5tUzGENQ==",
      "dev": true,
      "bin": {
        "rimraf": "dist/cjs/src/bin.js"
      },
      "engines": {
        "node": ">=14"
      },
      "funding": {
        "url": "https://github.com/sponsors/isaacs"
      }
    },
    "node_modules/rollup": {
      "version": "3.15.0",
      "resolved": "https://registry.npmjs.org/rollup/-/rollup-3.15.0.tgz",
      "integrity": "sha512-F9hrCAhnp5/zx/7HYmftvsNBkMfLfk/dXUh73hPSM2E3CRgap65orDNJbLetoiUFwSAk6iHPLvBrZ5iHYvzqsg==",
      "dev": true,
      "bin": {
        "rollup": "dist/bin/rollup"
      },
      "engines": {
        "node": ">=14.18.0",
        "npm": ">=8.0.0"
      },
      "optionalDependencies": {
        "fsevents": "~2.3.2"
      }
    },
    "node_modules/safe-buffer": {
      "version": "5.2.1",
      "dev": true,
      "funding": [
        {
          "type": "github",
          "url": "https://github.com/sponsors/feross"
        },
        {
          "type": "patreon",
          "url": "https://www.patreon.com/feross"
        },
        {
          "type": "consulting",
          "url": "https://feross.org/support"
        }
      ],
      "license": "MIT"
    },
    "node_modules/smob": {
      "version": "0.0.6",
      "resolved": "https://registry.npmjs.org/smob/-/smob-0.0.6.tgz",
      "integrity": "sha512-V21+XeNni+tTyiST1MHsa84AQhT1aFZipzPpOFAVB8DkHzwJyjjAmt9bgwnuZiZWnIbMo2duE29wybxv/7HWUw==",
      "dev": true
    },
    "node_modules/source-map": {
      "version": "0.6.1",
      "dev": true,
      "license": "BSD-3-Clause",
      "engines": {
        "node": ">=0.10.0"
      }
    },
    "node_modules/source-map-support": {
      "version": "0.5.21",
      "resolved": "https://registry.npmjs.org/source-map-support/-/source-map-support-0.5.21.tgz",
      "integrity": "sha512-uBHU3L3czsIyYXKX88fdrGovxdSCoTGDRZ6SYXtSRxLZUzHg5P/66Ht6uoUlHu9EZod+inXhKo3qQgwXUT/y1w==",
      "dev": true,
      "dependencies": {
        "buffer-from": "^1.0.0",
        "source-map": "^0.6.0"
      }
    },
    "node_modules/typescript": {
      "version": "4.9.5",
      "resolved": "https://registry.npmjs.org/typescript/-/typescript-4.9.5.tgz",
      "integrity": "sha512-1FXk9E2Hm+QzZQ7z+McJiHL4NW1F2EzMu9Nq9i3zAaGqibafqYwCVU6WyWAuyQRRzOlxou8xZSyXLEN8oKj24g==",
      "dev": true,
      "bin": {
        "tsc": "bin/tsc",
        "tsserver": "bin/tsserver"
      },
      "engines": {
        "node": ">=4.2.0"
      }
    }
  },
  "dependencies": {
    "@jridgewell/gen-mapping": {
      "version": "0.3.2",
      "resolved": "https://registry.npmjs.org/@jridgewell/gen-mapping/-/gen-mapping-0.3.2.tgz",
      "integrity": "sha512-mh65xKQAzI6iBcFzwv28KVWSmCkdRBWoOh+bYQGW3+6OZvbbN3TqMGo5hqYxQniRcH9F2VZIoJCm4pa3BPDK/A==",
      "dev": true,
      "requires": {
        "@jridgewell/set-array": "^1.0.1",
        "@jridgewell/sourcemap-codec": "^1.4.10",
        "@jridgewell/trace-mapping": "^0.3.9"
      }
    },
    "@jridgewell/resolve-uri": {
      "version": "3.1.0",
      "resolved": "https://registry.npmjs.org/@jridgewell/resolve-uri/-/resolve-uri-3.1.0.tgz",
      "integrity": "sha512-F2msla3tad+Mfht5cJq7LSXcdudKTWCVYUgw6pLFOOHSTtZlj6SWNYAp+AhuqLmWdBO2X5hPrLcu8cVP8fy28w==",
      "dev": true
    },
    "@jridgewell/set-array": {
      "version": "1.1.2",
      "resolved": "https://registry.npmjs.org/@jridgewell/set-array/-/set-array-1.1.2.tgz",
      "integrity": "sha512-xnkseuNADM0gt2bs+BvhO0p78Mk762YnZdsuzFV018NoG1Sj1SCQvpSqa7XUaTam5vAGasABV9qXASMKnFMwMw==",
      "dev": true
    },
    "@jridgewell/source-map": {
      "version": "0.3.2",
      "resolved": "https://registry.npmjs.org/@jridgewell/source-map/-/source-map-0.3.2.tgz",
      "integrity": "sha512-m7O9o2uR8k2ObDysZYzdfhb08VuEml5oWGiosa1VdaPZ/A6QyPkAJuwN0Q1lhULOf6B7MtQmHENS743hWtCrgw==",
      "dev": true,
      "requires": {
        "@jridgewell/gen-mapping": "^0.3.0",
        "@jridgewell/trace-mapping": "^0.3.9"
      }
    },
    "@jridgewell/sourcemap-codec": {
      "version": "1.4.14",
      "resolved": "https://registry.npmjs.org/@jridgewell/sourcemap-codec/-/sourcemap-codec-1.4.14.tgz",
      "integrity": "sha512-XPSJHWmi394fuUuzDnGz1wiKqWfo1yXecHQMRf2l6hztTO+nPru658AyDngaBe7isIxEkRsPR3FZh+s7iVa4Uw==",
      "dev": true
    },
    "@jridgewell/trace-mapping": {
      "version": "0.3.17",
      "resolved": "https://registry.npmjs.org/@jridgewell/trace-mapping/-/trace-mapping-0.3.17.tgz",
      "integrity": "sha512-MCNzAp77qzKca9+W/+I0+sEpaUnZoeasnghNeVc41VZCEKaCH73Vq3BZZ/SzWIgrqE4H4ceI+p+b6C0mHf9T4g==",
      "dev": true,
      "requires": {
        "@jridgewell/resolve-uri": "3.1.0",
        "@jridgewell/sourcemap-codec": "1.4.14"
      }
    },
    "@rollup/plugin-json": {
      "version": "6.0.0",
      "resolved": "https://registry.npmjs.org/@rollup/plugin-json/-/plugin-json-6.0.0.tgz",
      "integrity": "sha512-i/4C5Jrdr1XUarRhVu27EEwjt4GObltD7c+MkCIpO2QIbojw8MUs+CCTqOphQi3Qtg1FLmYt+l+6YeoIf51J7w==",
      "dev": true,
      "requires": {
        "@rollup/pluginutils": "^5.0.1"
      }
    },
    "@rollup/plugin-terser": {
      "version": "0.4.0",
      "resolved": "https://registry.npmjs.org/@rollup/plugin-terser/-/plugin-terser-0.4.0.tgz",
      "integrity": "sha512-Ipcf3LPNerey1q9ZMjiaWHlNPEHNU/B5/uh9zXLltfEQ1lVSLLeZSgAtTPWGyw8Ip1guOeq+mDtdOlEj/wNxQw==",
      "dev": true,
      "requires": {
        "serialize-javascript": "^6.0.0",
        "smob": "^0.0.6",
        "terser": "^5.15.1"
      },
      "dependencies": {
        "serialize-javascript": {
          "version": "6.0.1",
          "resolved": "https://registry.npmjs.org/serialize-javascript/-/serialize-javascript-6.0.1.tgz",
          "integrity": "sha512-owoXEFjWRllis8/M1Q+Cw5k8ZH40e3zhp/ovX+Xr/vi1qj6QesbyXXViFbpNvWvPNAD62SutwEXavefrLJWj7w==",
          "dev": true,
          "requires": {
            "randombytes": "^2.1.0"
          }
        },
        "terser": {
          "version": "5.16.3",
          "resolved": "https://registry.npmjs.org/terser/-/terser-5.16.3.tgz",
          "integrity": "sha512-v8wWLaS/xt3nE9dgKEWhNUFP6q4kngO5B8eYFUuebsu7Dw/UNAnpUod6UHo04jSSkv8TzKHjZDSd7EXdDQAl8Q==",
          "dev": true,
          "requires": {
            "@jridgewell/source-map": "^0.3.2",
            "acorn": "^8.5.0",
            "commander": "^2.20.0",
            "source-map-support": "~0.5.20"
          }
        }
      }
    },
    "@rollup/pluginutils": {
      "version": "5.0.2",
      "resolved": "https://registry.npmjs.org/@rollup/pluginutils/-/pluginutils-5.0.2.tgz",
      "integrity": "sha512-pTd9rIsP92h+B6wWwFbW8RkZv4hiR/xKsqre4SIuAOaOEQRxi0lqLke9k2/7WegC85GgUs9pjmOjCUi3In4vwA==",
      "dev": true,
      "requires": {
        "@types/estree": "^1.0.0",
        "estree-walker": "^2.0.2",
        "picomatch": "^2.3.1"
      }
    },
    "@types/estree": {
      "version": "1.0.0",
      "resolved": "https://registry.npmjs.org/@types/estree/-/estree-1.0.0.tgz",
      "integrity": "sha512-WulqXMDUTYAXCjZnk6JtIHPigp55cVtDgDrO2gHRwhyJto21+1zbVCtOYB2L1F9w4qCQ0rOGWBnBe0FNTiEJIQ==",
      "dev": true
    },
    "@xunmi/prettier-config": {
      "version": "1.0.2",
      "resolved": "https://registry.npmjs.org/@xunmi/prettier-config/-/prettier-config-1.0.2.tgz",
      "integrity": "sha512-y/8CiTk7a9O29NbI+Kc4u42gRw56fDmOBDFWHXirsWeVgmgRxTL66SQj5fdbkxtMShp8lumH107FmBOnMkSe7A==",
      "dev": true,
      "requires": {}
    },
    "acorn": {
      "version": "8.8.2",
      "resolved": "https://registry.npmjs.org/acorn/-/acorn-8.8.2.tgz",
      "integrity": "sha512-xjIYgE8HBrkpd/sJqOGNspf8uHG+NOHGOw6a/Urj8taM2EXfdNAH2oFcPeIFfsv3+kz/mJrS5VuMqbNLjCa2vw==",
      "dev": true
    },
    "buffer-from": {
      "version": "1.1.1",
      "dev": true
    },
    "commander": {
      "version": "2.20.3",
      "dev": true
    },
    "estree-walker": {
      "version": "2.0.2",
      "resolved": "https://registry.npmjs.org/estree-walker/-/estree-walker-2.0.2.tgz",
      "integrity": "sha512-Rfkk/Mp/DL7JVje3u18FxFujQlTNR2q6QfMSMB7AvCBx91NGj/ba3kCfza0f6dVDbw7YlRf/nDrn7pQrCCyQ/w==",
      "dev": true
    },
    "fsevents": {
      "version": "2.3.2",
      "resolved": "https://registry.npmjs.org/fsevents/-/fsevents-2.3.2.tgz",
      "integrity": "sha512-xiqMQR4xAeHTuB9uWm+fFRcIOgKBMiOBP+eXiyT7jsgVCq1bkVygt00oASowB7EdtpOHaaPgKt812P9ab+DDKA==",
      "dev": true,
      "optional": true
    },
    "picomatch": {
      "version": "2.3.1",
      "resolved": "https://registry.npmjs.org/picomatch/-/picomatch-2.3.1.tgz",
      "integrity": "sha512-JU3teHTNjmE2VCGFzuY8EXzCDVwEqB2a8fsIvwaStHhAWJEeVd1o1QD80CU6+ZdEXXSLbSsuLwJjkCBWqRQUVA==",
      "dev": true
    },
    "prettier": {
      "version": "2.8.4",
      "resolved": "https://registry.npmjs.org/prettier/-/prettier-2.8.4.tgz",
      "integrity": "sha512-vIS4Rlc2FNh0BySk3Wkd6xmwxB0FpOndW5fisM5H8hsZSxU2VWVB5CWIkIjWvrHjIhxk2g3bfMKM87zNTrZddw==",
      "dev": true
    },
    "randombytes": {
      "version": "2.1.0",
      "dev": true,
      "requires": {
        "safe-buffer": "^5.1.0"
      }
    },
    "rimraf": {
      "version": "4.1.2",
      "resolved": "https://registry.npmjs.org/rimraf/-/rimraf-4.1.2.tgz",
      "integrity": "sha512-BlIbgFryTbw3Dz6hyoWFhKk+unCcHMSkZGrTFVAx2WmttdBSonsdtRlwiuTbDqTKr+UlXIUqJVS4QT5tUzGENQ==",
      "dev": true
    },
    "rollup": {
      "version": "3.15.0",
      "resolved": "https://registry.npmjs.org/rollup/-/rollup-3.15.0.tgz",
      "integrity": "sha512-F9hrCAhnp5/zx/7HYmftvsNBkMfLfk/dXUh73hPSM2E3CRgap65orDNJbLetoiUFwSAk6iHPLvBrZ5iHYvzqsg==",
      "dev": true,
      "requires": {
        "fsevents": "~2.3.2"
      }
    },
    "safe-buffer": {
      "version": "5.2.1",
      "dev": true
    },
    "smob": {
      "version": "0.0.6",
      "resolved": "https://registry.npmjs.org/smob/-/smob-0.0.6.tgz",
      "integrity": "sha512-V21+XeNni+tTyiST1MHsa84AQhT1aFZipzPpOFAVB8DkHzwJyjjAmt9bgwnuZiZWnIbMo2duE29wybxv/7HWUw==",
      "dev": true
    },
    "source-map": {
      "version": "0.6.1",
      "dev": true
    },
    "source-map-support": {
      "version": "0.5.21",
      "resolved": "https://registry.npmjs.org/source-map-support/-/source-map-support-0.5.21.tgz",
      "integrity": "sha512-uBHU3L3czsIyYXKX88fdrGovxdSCoTGDRZ6SYXtSRxLZUzHg5P/66Ht6uoUlHu9EZod+inXhKo3qQgwXUT/y1w==",
      "dev": true,
      "requires": {
        "buffer-from": "^1.0.0",
        "source-map": "^0.6.0"
      }
    },
    "typescript": {
      "version": "4.9.5",
      "resolved": "https://registry.npmjs.org/typescript/-/typescript-4.9.5.tgz",
      "integrity": "sha512-1FXk9E2Hm+QzZQ7z+McJiHL4NW1F2EzMu9Nq9i3zAaGqibafqYwCVU6WyWAuyQRRzOlxou8xZSyXLEN8oKj24g==",
      "dev": true
    }
  }
}
